
Microsoft Visual Studio Solution File, Format Version 12.00
# Visual Studio Version 17
VisualStudioVersion = 17.8.34525.116
MinimumVisualStudioVersion = 10.0.40219.1
Project("{9A19103F-16F7-4668-BE54-9A1E7A4F7556}") = "ConfiguratorWebApp", "ConfiguratorWebApp.csproj", "{D87B29CD-360A-44A0-B560-C0084E2D9EF9}"
EndProject
Project("{FAE04EC0-301F-11D3-BF4B-00C04F79EFBC}") = "ConfigurationWebApp.Tests", "..\ConfigurationWebApp.Tests\ConfigurationWebApp.Tests.csproj", "{60761975-B6C1-4D5F-8704-D2CD429DF592}"
EndProject
Global
	GlobalSection(SolutionConfigurationPlatforms) = preSolution
		Debug|Any CPU = Debug|Any CPU
		Release|Any CPU = Release|Any CPU
	EndGlobalSection
	GlobalSection(ProjectConfigurationPlatforms) = postSolution
		{D87B29CD-360A-44A0-B560-C0084E2D9EF9}.Debug|Any CPU.ActiveCfg = Debug|Any CPU
		{D87B29CD-360A-44A0-B560-C0084E2D9EF9}.Debug|Any CPU.Build.0 = Debug|Any CPU
		{D87B29CD-360A-44A0-B560-C0084E2D9EF9}.Release|Any CPU.ActiveCfg = Release|Any CPU
		{D87B29CD-360A-44A0-B560-C0084E2D9EF9}.Release|Any CPU.Build.0 = Release|Any CPU
		{60761975-B6C1-4D5F-8704-D2CD429DF592}.Debug|Any CPU.ActiveCfg = Debug|Any CPU
		{60761975-B6C1-4D5F-8704-D2CD429DF592}.Debug|Any CPU.Build.0 = Debug|Any CPU
		{60761975-B6C1-4D5F-8704-D2CD429DF592}.Release|Any CPU.ActiveCfg = Release|Any CPU
		{60761975-B6C1-4D5F-8704-D2CD429DF592}.Release|Any CPU.Build.0 = Release|Any CPU
	EndGlobalSection
	GlobalSection(SolutionProperties) = preSolution
		HideSolutionNode = FALSE
	EndGlobalSection
	GlobalSection(ExtensibilityGlobals) = postSolution
		SolutionGuid = {CF2E8240-4EF2-4229-AC85-6127B5924C02}
	EndGlobalSection
EndGlobal
